# @generated by Move, please check-in and do not edit manually.

[move]
version = 3
manifest_digest = "EF62FC66A8D76C7566B9B67D19B1CC8ED4B0921DE2D68FBFB820EEB847A7C1E6"
deps_digest = "F8BBB0CCB2491CA29A3DF03D6F92277A4F3574266507ACD77214D37ECA3F3082"
dependencies = [
  { id = "Sui", name = "Sui" },
]

[[move.package]]
id = "MoveStdlib"
source = { git = "https://github.com/MystenLabs/sui.git", rev = "framework/testnet", subdir = "crates/sui-framework/packages/move-stdlib" }

[[move.package]]
id = "Sui"
source = { git = "https://github.com/MystenLabs/sui.git", rev = "framework/testnet", subdir = "crates/sui-framework/packages/sui-framework" }

dependencies = [
  { id = "MoveStdlib", name = "MoveStdlib" },
]

[move.toolchain-version]
compiler-version = "1.35.0"
edition = "2024.beta"
flavor = "sui"

[env]

[env.testnet]
chain-id = "4c78adac"
original-published-id = "0xe9a1491407064b95be5da1f80245f0b9536ffccdfc0049bb1b0d1c3898e0ecdf"
latest-published-id = "0xe9a1491407064b95be5da1f80245f0b9536ffccdfc0049bb1b0d1c3898e0ecdf"
published-version = "1"

