# @generated by Move, please check-in and do not edit manually.

[move]
version = 3
manifest_digest = "EF62FC66A8D76C7566B9B67D19B1CC8ED4B0921DE2D68FBFB820EEB847A7C1E6"
deps_digest = "F8BBB0CCB2491CA29A3DF03D6F92277A4F3574266507ACD77214D37ECA3F3082"
dependencies = [
  { id = "Sui", name = "Sui" },
]

[[move.package]]
id = "MoveStdlib"
source = { git = "https://github.com/MystenLabs/sui.git", rev = "framework/testnet", subdir = "crates/sui-framework/packages/move-stdlib" }

[[move.package]]
id = "Sui"
source = { git = "https://github.com/MystenLabs/sui.git", rev = "framework/testnet", subdir = "crates/sui-framework/packages/sui-framework" }

dependencies = [
  { id = "MoveStdlib", name = "MoveStdlib" },
]

[move.toolchain-version]
compiler-version = "1.35.0"
edition = "2024.beta"
flavor = "sui"

[env]

[env.testnet]
chain-id = "4c78adac"
original-published-id = "0x63dfacc13571916691ca9513e11de016e4f6b53622434930a601c446996ebb71"
latest-published-id = "0x63dfacc13571916691ca9513e11de016e4f6b53622434930a601c446996ebb71"
published-version = "1"

[env.devnet]
chain-id = "8261fb77"
original-published-id = "0x8461793422a28e6c16f3ed76bc0116bdce5d49c15e628f6a627506ba204a757b"
latest-published-id = "0x8461793422a28e6c16f3ed76bc0116bdce5d49c15e628f6a627506ba204a757b"
published-version = "1"

